
Microsoft Visual Studio Solution File, Format Version 12.00
# Visual Studio Version 16
VisualStudioVersion = 16.0.31702.278
MinimumVisualStudioVersion = 10.0.40219.1
Project("{FAE04EC0-301F-11D3-BF4B-00C04F79EFBC}") = "OTIK_Encoder", "OTIK_Encoder\OTIK_Encoder.csproj", "{FDC9846B-B465-4415-BF4D-69F21E9B9C25}"
EndProject
Global
	GlobalSection(SolutionConfigurationPlatforms) = preSolution
		Debug|Any CPU = Debug|Any CPU
		Release|Any CPU = Release|Any CPU
	EndGlobalSection
	GlobalSection(ProjectConfigurationPlatforms) = postSolution
		{FDC9846B-B465-4415-BF4D-69F21E9B9C25}.Debug|Any CPU.ActiveCfg = Debug|Any CPU
		{FDC9846B-B465-4415-BF4D-69F21E9B9C25}.Debug|Any CPU.Build.0 = Debug|Any CPU
		{FDC9846B-B465-4415-BF4D-69F21E9B9C25}.Release|Any CPU.ActiveCfg = Release|Any CPU
		{FDC9846B-B465-4415-BF4D-69F21E9B9C25}.Release|Any CPU.Build.0 = Release|Any CPU
	EndGlobalSection
	GlobalSection(SolutionProperties) = preSolution
		HideSolutionNode = FALSE
	EndGlobalSection
	GlobalSection(ExtensibilityGlobals) = postSolution
		SolutionGuid = {F9A40F34-3505-4302-A95B-711DEBB641A3}
	EndGlobalSection
EndGlobal
